// !$*UTF8*$!
{
	archiveVersion = 1;
	classes = {
	};
	objectVersion = 56;
	objects = {

/* Begin PBXBuildFile section */
		2D1EED812A957D8100693502 /* AppDelegate.swift in Sources */ = {isa = PBXBuildFile; fileRef = 2D1EED802A957D8100693502 /* AppDelegate.swift */; };
		2D1EED832A957D8100693502 /* SceneDelegate.swift in Sources */ = {isa = PBXBuildFile; fileRef = 2D1EED822A957D8100693502 /* SceneDelegate.swift */; };
		2D1EED852A957D8100693502 /* ViewController.swift in Sources */ = {isa = PBXBuildFile; fileRef = 2D1EED842A957D8100693502 /* ViewController.swift */; };
		2D1EED882A957D8100693502 /* Main.storyboard in Resources */ = {isa = PBXBuildFile; fileRef = 2D1EED862A957D8100693502 /* Main.storyboard */; };
		2D1EED8A2A957D8200693502 /* Assets.xcassets in Resources */ = {isa = PBXBuildFile; fileRef = 2D1EED892A957D8200693502 /* Assets.xcassets */; };
		2D1EED8D2A957D8200693502 /* LaunchScreen.storyboard in Resources */ = {isa = PBXBuildFile; fileRef = 2D1EED8B2A957D8200693502 /* LaunchScreen.storyboard */; };
		2D1EED982A957D8200693502 /* Hackwich_OneTests.swift in Sources */ = {isa = PBXBuildFile; fileRef = 2D1EED972A957D8200693502 /* Hackwich_OneTests.swift */; };
		2D1EEDA22A957D8200693502 /* Hackwich_OneUITests.swift in Sources */ = {isa = PBXBuildFile; fileRef = 2D1EEDA12A957D8200693502 /* Hackwich_OneUITests.swift */; };
		2D1EEDA42A957D8200693502 /* Hackwich_OneUITestsLaunchTests.swift in Sources */ = {isa = PBXBuildFile; fileRef = 2D1EEDA32A957D8200693502 /* Hackwich_OneUITestsLaunchTests.swift */; };
/* End PBXBuildFile section */

/* Begin PBXContainerItemProxy section */
		2D1EED942A957D8200693502 /* PBXContainerItemProxy */ = {
			isa = PBXContainerItemProxy;
			containerPortal = 2D1EED752A957D8100693502 /* Project object */;
			proxyType = 1;
			remoteGlobalIDString = 2D1EED7C2A957D8100693502;
			remoteInfo = "Hackwich One";
		};
		2D1EED9E2A957D8200693502 /* PBXContainerItemProxy */ = {
			isa = PBXContainerItemProxy;
			containerPortal = 2D1EED752A957D8100693502 /* Project object */;
			proxyType = 1;
			remoteGlobalIDString = 2D1EED7C2A957D8100693502;
			remoteInfo = "Hackwich One";
		};
/* End PBXContainerItemProxy section */

/* Begin PBXFileReference section */
		2D1EED7D2A957D8100693502 /* Hackwich One.app */ = {isa = PBXFileReference; explicitFileType = wrapper.application; includeInIndex = 0; path = "Hackwich One.app"; sourceTree = BUILT_PRODUCTS_DIR; };
		2D1EED802A957D8100693502 /* AppDelegate.swift */ = {isa = PBXFileReference; lastKnownFileType = sourcecode.swift; path = AppDelegate.swift; sourceTree = "<group>"; };
		2D1EED822A957D8100693502 /* SceneDelegate.swift */ = {isa = PBXFileReference; lastKnownFileType = sourcecode.swift; path = SceneDelegate.swift; sourceTree = "<group>"; };
		2D1EED842A957D8100693502 /* ViewController.swift */ = {isa = PBXFileReference; lastKnownFileType = sourcecode.swift; path = ViewController.swift; sourceTree = "<group>"; };
		2D1EED872A957D8100693502 /* Base */ = {isa = PBXFileReference; lastKnownFileType = file.storyboard; name = Base; path = Base.lproj/Main.storyboard; sourceTree = "<group>"; };
		2D1EED892A957D8200693502 /* Assets.xcassets */ = {isa = PBXFileReference; lastKnownFileType = folder.assetcatalog; path = Assets.xcassets; sourceTree = "<group>"; };
		2D1EED8C2A957D8200693502 /* Base */ = {isa = PBXFileReference; lastKnownFileType = file.storyboard; name = Base; path = Base.lproj/LaunchScreen.storyboard; sourceTree = "<group>"; };
		2D1EED8E2A957D8200693502 /* Info.plist */ = {isa = PBXFileReference; lastKnownFileType = text.plist.xml; path = Info.plist; sourceTree = "<group>"; };
		2D1EED932A957D8200693502 /* Hackwich OneTests.xctest */ = {isa = PBXFileReference; explicitFileType = wrapper.cfbundle; includeInIndex = 0; path = "Hackwich OneTests.xctest"; sourceTree = BUILT_PRODUCTS_DIR; };
		2D1EED972A957D8200693502 /* Hackwich_OneTests.swift */ = {isa = PBXFileReference; lastKnownFileType = sourcecode.swift; path = Hackwich_OneTests.swift; sourceTree = "<group>"; };
		2D1EED9D2A957D8200693502 /* Hackwich OneUITests.xctest */ = {isa = PBXFileReference; explicitFileType = wrapper.cfbundle; includeInIndex = 0; path = "Hackwich OneUITests.xctest"; sourceTree = BUILT_PRODUCTS_DIR; };
		2D1EEDA12A957D8200693502 /* Hackwich_OneUITests.swift */ = {isa = PBXFileReference; lastKnownFileType = sourcecode.swift; path = Hackwich_OneUITests.swift; sourceTree = "<group>"; };
		2D1EEDA32A957D8200693502 /* Hackwich_OneUITestsLaunchTests.swift */ = {isa = PBXFileReference; lastKnownFileType = sourcecode.swift; path = Hackwich_OneUITestsLaunchTests.swift; sourceTree = "<group>"; };
/* End PBXFileReference section */

/* Begin PBXFrameworksBuildPhase section */
		2D1EED7A2A957D8100693502 /* Frameworks */ = {
			isa = PBXFrameworksBuildPhase;
			buildActionMask = 2147483647;
			files = (
			);
			runOnlyForDeploymentPostprocessing = 0;
		};
		2D1EED902A957D8200693502 /* Frameworks */ = {
			isa = PBXFrameworksBuildPhase;
			buildActionMask = 2147483647;
			files = (
			);
			runOnlyForDeploymentPostprocessing = 0;
		};
		2D1EED9A2A957D8200693502 /* Frameworks */ = {
			isa = PBXFrameworksBuildPhase;
			buildActionMask = 2147483647;
			files = (
			);
			runOnlyForDeploymentPostprocessing = 0;
		};
/* End PBXFrameworksBuildPhase section */

/* Begin PBXGroup section */
		2D1EED742A957D8100693502 = {
			isa = PBXGroup;
			children = (
				2D1EED7F2A957D8100693502 /* Hackwich One */,
				2D1EED962A957D8200693502 /* Hackwich OneTests */,
				2D1EEDA02A957D8200693502 /* Hackwich OneUITests */,
				2D1EED7E2A957D8100693502 /* Products */,
			);
			sourceTree = "<group>";
		};
		2D1EED7E2A957D8100693502 /* Products */ = {
			isa = PBXGroup;
			children = (
				2D1EED7D2A957D8100693502 /* Hackwich One.app */,
				2D1EED932A957D8200693502 /* Hackwich OneTests.xctest */,
				2D1EED9D2A957D8200693502 /* Hackwich OneUITests.xctest */,
			);
			name = Products;
			sourceTree = "<group>";
		};
		2D1EED7F2A957D8100693502 /* Hackwich One */ = {
			isa = PBXGroup;
			children = (
				2D1EED802A957D8100693502 /* AppDelegate.swift */,
				2D1EED822A957D8100693502 /* SceneDelegate.swift */,
				2D1EED842A957D8100693502 /* ViewController.swift */,
				2D1EED862A957D8100693502 /* Main.storyboard */,
				2D1EED892A957D8200693502 /* Assets.xcassets */,
				2D1EED8B2A957D8200693502 /* LaunchScreen.storyboard */,
				2D1EED8E2A957D8200693502 /* Info.plist */,
			);
			path = "Hackwich One";
			sourceTree = "<group>";
		};
		2D1EED962A957D8200693502 /* Hackwich OneTests */ = {
			isa = PBXGroup;
			children = (
				2D1EED972A957D8200693502 /* Hackwich_OneTests.swift */,
			);
			path = "Hackwich OneTests";
			sourceTree = "<group>";
		};
		2D1EEDA02A957D8200693502 /* Hackwich OneUITests */ = {
			isa = PBXGroup;
			children = (
				2D1EEDA12A957D8200693502 /* Hackwich_OneUITests.swift */,
				2D1EEDA32A957D8200693502 /* Hackwich_OneUITestsLaunchTests.swift */,
			);
			path = "Hackwich OneUITests";
			sourceTree = "<group>";
		};
/* End PBXGroup section */

/* Begin PBXNativeTarget section */
		2D1EED7C2A957D8100693502 /* Hackwich One */ = {
			isa = PBXNativeTarget;
			buildConfigurationList = 2D1EEDA72A957D8200693502 /* Build configuration list for PBXNativeTarget "Hackwich One" */;
			buildPhases = (
				2D1EED792A957D8100693502 /* Sources */,
				2D1EED7A2A957D8100693502 /* Frameworks */,
				2D1EED7B2A957D8100693502 /* Resources */,
			);
			buildRules = (
			);
			dependencies = (
			);
			name = "Hackwich One";
			productName = "Hackwich One";
			productReference = 2D1EED7D2A957D8100693502 /* Hackwich One.app */;
			productType = "com.apple.product-type.application";
		};
		2D1EED922A957D8200693502 /* Hackwich OneTests */ = {
			isa = PBXNativeTarget;
			buildConfigurationList = 2D1EEDAA2A957D8200693502 /* Build configuration list for PBXNativeTarget "Hackwich OneTests" */;
			buildPhases = (
				2D1EED8F2A957D8200693502 /* Sources */,
				2D1EED902A957D8200693502 /* Frameworks */,
				2D1EED912A957D8200693502 /* Resources */,
			);
			buildRules = (
			);
			dependencies = (
				2D1EED952A957D8200693502 /* PBXTargetDependency */,
			);
			name = "Hackwich OneTests";
			productName = "Hackwich OneTests";
			productReference = 2D1EED932A957D8200693502 /* Hackwich OneTests.xctest */;
			productType = "com.apple.product-type.bundle.unit-test";
		};
		2D1EED9C2A957D8200693502 /* Hackwich OneUITests */ = {
			isa = PBXNativeTarget;
			buildConfigurationList = 2D1EEDAD2A957D8200693502 /* Build configuration list for PBXNativeTarget "Hackwich OneUITests" */;
			buildPhases = (
				2D1EED992A957D8200693502 /* Sources */,
				2D1EED9A2A957D8200693502 /* Frameworks */,
				2D1EED9B2A957D8200693502 /* Resources */,
			);
			buildRules = (
			);
			dependencies = (
				2D1EED9F2A957D8200693502 /* PBXTargetDependency */,
			);
			name = "Hackwich OneUITests";
			productName = "Hackwich OneUITests";
			productReference = 2D1EED9D2A957D8200693502 /* Hackwich OneUITests.xctest */;
			productType = "com.apple.product-type.bundle.ui-testing";
		};
/* End PBXNativeTarget section */

/* Begin PBXProject section */
		2D1EED752A957D8100693502 /* Project object */ = {
			isa = PBXProject;
			attributes = {
				BuildIndependentTargetsInParallel = 1;
				LastSwiftUpdateCheck = 1430;
				LastUpgradeCheck = 1430;
				TargetAttributes = {
					2D1EED7C2A957D8100693502 = {
						CreatedOnToolsVersion = 14.3.1;
					};
					2D1EED922A957D8200693502 = {
						CreatedOnToolsVersion = 14.3.1;
						TestTargetID = 2D1EED7C2A957D8100693502;
					};
					2D1EED9C2A957D8200693502 = {
						CreatedOnToolsVersion = 14.3.1;
						TestTargetID = 2D1EED7C2A957D8100693502;
					};
				};
			};
			buildConfigurationList = 2D1EED782A957D8100693502 /* Build configuration list for PBXProject "Hackwich One" */;
			compatibilityVersion = "Xcode 14.0";
			developmentRegion = en;
			hasScannedForEncodings = 0;
			knownRegions = (
				en,
				Base,
			);
			mainGroup = 2D1EED742A957D8100693502;
			productRefGroup = 2D1EED7E2A957D8100693502 /* Products */;
			projectDirPath = "";
			projectRoot = "";
			targets = (
				2D1EED7C2A957D8100693502 /* Hackwich One */,
				2D1EED922A957D8200693502 /* Hackwich OneTests */,
				2D1EED9C2A957D8200693502 /* Hackwich OneUITests */,
			);
		};
/* End PBXProject section */

/* Begin PBXResourcesBuildPhase section */
		2D1EED7B2A957D8100693502 /* Resources */ = {
			isa = PBXResourcesBuildPhase;
			buildActionMask = 2147483647;
			files = (
				2D1EED8D2A957D8200693502 /* LaunchScreen.storyboard in Resources */,
				2D1EED8A2A957D8200693502 /* Assets.xcassets in Resources */,
				2D1EED882A957D8100693502 /* Main.storyboard in Resources */,
			);
			runOnlyForDeploymentPostprocessing = 0;
		};
		2D1EED912A957D8200693502 /* Resources */ = {
			isa = PBXResourcesBuildPhase;
			buildActionMask = 2147483647;
			files = (
			);
			runOnlyForDeploymentPostprocessing = 0;
		};
		2D1EED9B2A957D8200693502 /* Resources */ = {
			isa = PBXResourcesBuildPhase;
			buildActionMask = 2147483647;
			files = (
			);
			runOnlyForDeploymentPostprocessing = 0;
		};
/* End PBXResourcesBuildPhase section */

/* Begin PBXSourcesBuildPhase section */
		2D1EED792A957D8100693502 /* Sources */ = {
			isa = PBXSourcesBuildPhase;
			buildActionMask = 2147483647;
			files = (
				2D1EED852A957D8100693502 /* ViewController.swift in Sources */,
				2D1EED812A957D8100693502 /* AppDelegate.swift in Sources */,
				2D1EED832A957D8100693502 /* SceneDelegate.swift in Sources */,
			);
			runOnlyForDeploymentPostprocessing = 0;
		};
		2D1EED8F2A957D8200693502 /* Sources */ = {
			isa = PBXSourcesBuildPhase;
			buildActionMask = 2147483647;
			files = (
				2D1EED982A957D8200693502 /* Hackwich_OneTests.swift in Sources */,
			);
			runOnlyForDeploymentPostprocessing = 0;
		};
		2D1EED992A957D8200693502 /* Sources */ = {
			isa = PBXSourcesBuildPhase;
			buildActionMask = 2147483647;
			files = (
				2D1EEDA22A957D8200693502 /* Hackwich_OneUITests.swift in Sources */,
				2D1EEDA42A957D8200693502 /* Hackwich_OneUITestsLaunchTests.swift in Sources */,
			);
			runOnlyForDeploymentPostprocessing = 0;
		};
/* End PBXSourcesBuildPhase section */

/* Begin PBXTargetDependency section */
		2D1EED952A957D8200693502 /* PBXTargetDependency */ = {
			isa = PBXTargetDependency;
			target = 2D1EED7C2A957D8100693502 /* Hackwich One */;
			targetProxy = 2D1EED942A957D8200693502 /* PBXContainerItemProxy */;
		};
		2D1EED9F2A957D8200693502 /* PBXTargetDependency */ = {
			isa = PBXTargetDependency;
			target = 2D1EED7C2A957D8100693502 /* Hackwich One */;
			targetProxy = 2D1EED9E2A957D8200693502 /* PBXContainerItemProxy */;
		};
/* End PBXTargetDependency section */

/* Begin PBXVariantGroup section */
		2D1EED862A957D8100693502 /* Main.storyboard */ = {
			isa = PBXVariantGroup;
			children = (
				2D1EED872A957D8100693502 /* Base */,
			);
			name = Main.storyboard;
			sourceTree = "<group>";
		};
		2D1EED8B2A957D8200693502 /* LaunchScreen.storyboard */ = {
			isa = PBXVariantGroup;
			children = (
				2D1EED8C2A957D8200693502 /* Base */,
			);
			name = LaunchScreen.storyboard;
			sourceTree = "<group>";
		};
/* End PBXVariantGroup section */

/* Begin XCBuildConfiguration section */
		2D1EEDA52A957D8200693502 /* Debug */ = {
			isa = XCBuildConfiguration;
			buildSettings = {
				ALWAYS_SEARCH_USER_PATHS = NO;
				CLANG_ANALYZER_NONNULL = YES;
				CLANG_ANALYZER_NUMBER_OBJECT_CONVERSION = YES_AGGRESSIVE;
				CLANG_CXX_LANGUAGE_STANDARD = "gnu++20";
				CLANG_ENABLE_MODULES = YES;
				CLANG_ENABLE_OBJC_ARC = YES;
				CLANG_ENABLE_OBJC_WEAK = YES;
				CLANG_WARN_BLOCK_CAPTURE_AUTORELEASING = YES;
				CLANG_WARN_BOOL_CONVERSION = YES;
				CLANG_WARN_COMMA = YES;
				CLANG_WARN_CONSTANT_CONVERSION = YES;
				CLANG_WARN_DEPRECATED_OBJC_IMPLEMENTATIONS = YES;
				CLANG_WARN_DIRECT_OBJC_ISA_USAGE = YES_ERROR;
				CLANG_WARN_DOCUMENTATION_COMMENTS = YES;
				CLANG_WARN_EMPTY_BODY = YES;
				CLANG_WARN_ENUM_CONVERSION = YES;
				CLANG_WARN_INFINITE_RECURSION = YES;
				CLANG_WARN_INT_CONVERSION = YES;
				CLANG_WARN_NON_LITERAL_NULL_CONVERSION = YES;
				CLANG_WARN_OBJC_IMPLICIT_RETAIN_SELF = YES;
				CLANG_WARN_OBJC_LITERAL_CONVERSION = YES;
				CLANG_WARN_OBJC_ROOT_CLASS = YES_ERROR;
				CLANG_WARN_QUOTED_INCLUDE_IN_FRAMEWORK_HEADER = YES;
				CLANG_WARN_RANGE_LOOP_ANALYSIS = YES;
				CLANG_WARN_STRICT_PROTOTYPES = YES;
				CLANG_WARN_SUSPICIOUS_MOVE = YES;
				CLANG_WARN_UNGUARDED_AVAILABILITY = YES_AGGRESSIVE;
				CLANG_WARN_UNREACHABLE_CODE = YES;
				CLANG_WARN__DUPLICATE_METHOD_MATCH = YES;
				COPY_PHASE_STRIP = NO;
				DEBUG_INFORMATION_FORMAT = dwarf;
				ENABLE_STRICT_OBJC_MSGSEND = YES;
				ENABLE_TESTABILITY = YES;
				GCC_C_LANGUAGE_STANDARD = gnu11;
				GCC_DYNAMIC_NO_PIC = NO;
				GCC_NO_COMMON_BLOCKS = YES;
				GCC_OPTIMIZATION_LEVEL = 0;
				GCC_PREPROCESSOR_DEFINITIONS = (
					"DEBUG=1",
					"$(inherited)",
				);
				GCC_WARN_64_TO_32_BIT_CONVERSION = YES;
				GCC_WARN_ABOUT_RETURN_TYPE = YES_ERROR;
				GCC_WARN_UNDECLARED_SELECTOR = YES;
				GCC_WARN_UNINITIALIZED_AUTOS = YES_AGGRESSIVE;
				GCC_WARN_UNUSED_FUNCTION = YES;
				GCC_WARN_UNUSED_VARIABLE = YES;
				IPHONEOS_DEPLOYMENT_TARGET = 16.4;
				MTL_ENABLE_DEBUG_INFO = INCLUDE_SOURCE;
				MTL_FAST_MATH = YES;
				ONLY_ACTIVE_ARCH = YES;
				SDKROOT = iphoneos;
				SWIFT_ACTIVE_COMPILATION_CONDITIONS = DEBUG;
				SWIFT_OPTIMIZATION_LEVEL = "-Onone";
			};
			name = Debug;
		};
		2D1EEDA62A957D8200693502 /* Release */ = {
			isa = XCBuildConfiguration;
			buildSettings = {
				ALWAYS_SEARCH_USER_PATHS = NO;
				CLANG_ANALYZER_NONNULL = YES;
				CLANG_ANALYZER_NUMBER_OBJECT_CONVERSION = YES_AGGRESSIVE;
				CLANG_CXX_LANGUAGE_STANDARD = "gnu++20";
				CLANG_ENABLE_MODULES = YES;
				CLANG_ENABLE_OBJC_ARC = YES;
				CLANG_ENABLE_OBJC_WEAK = YES;
				CLANG_WARN_BLOCK_CAPTURE_AUTORELEASING = YES;
				CLANG_WARN_BOOL_CONVERSION = YES;
				CLANG_WARN_COMMA = YES;
				CLANG_WARN_CONSTANT_CONVERSION = YES;
				CLANG_WARN_DEPRECATED_OBJC_IMPLEMENTATIONS = YES;
				CLANG_WARN_DIRECT_OBJC_ISA_USAGE = YES_ERROR;
				CLANG_WARN_DOCUMENTATION_COMMENTS = YES;
				CLANG_WARN_EMPTY_BODY = YES;
				CLANG_WARN_ENUM_CONVERSION = YES;
				CLANG_WARN_INFINITE_RECURSION = YES;
				CLANG_WARN_INT_CONVERSION = YES;
				CLANG_WARN_NON_LITERAL_NULL_CONVERSION = YES;
				CLANG_WARN_OBJC_IMPLICIT_RETAIN_SELF = YES;
				CLANG_WARN_OBJC_LITERAL_CONVERSION = YES;
				CLANG_WARN_OBJC_ROOT_CLASS = YES_ERROR;
				CLANG_WARN_QUOTED_INCLUDE_IN_FRAMEWORK_HEADER = YES;
				CLANG_WARN_RANGE_LOOP_ANALYSIS = YES;
				CLANG_WARN_STRICT_PROTOTYPES = YES;
				CLANG_WARN_SUSPICIOUS_MOVE = YES;
				CLANG_WARN_UNGUARDED_AVAILABILITY = YES_AGGRESSIVE;
				CLANG_WARN_UNREACHABLE_CODE = YES;
				CLANG_WARN__DUPLICATE_METHOD_MATCH = YES;
				COPY_PHASE_STRIP = NO;
				DEBUG_INFORMATION_FORMAT = "dwarf-with-dsym";
				ENABLE_NS_ASSERTIONS = NO;
				ENABLE_STRICT_OBJC_MSGSEND = YES;
				GCC_C_LANGUAGE_STANDARD = gnu11;
				GCC_NO_COMMON_BLOCKS = YES;
				GCC_WARN_64_TO_32_BIT_CONVERSION = YES;
				GCC_WARN_ABOUT_RETURN_TYPE = YES_ERROR;
				GCC_WARN_UNDECLARED_SELECTOR = YES;
				GCC_WARN_UNINITIALIZED_AUTOS = YES_AGGRESSIVE;
				GCC_WARN_UNUSED_FUNCTION = YES;
				GCC_WARN_UNUSED_VARIABLE = YES;
				IPHONEOS_DEPLOYMENT_TARGET = 16.4;
				MTL_ENABLE_DEBUG_INFO = NO;
				MTL_FAST_MATH = YES;
				SDKROOT = iphoneos;
				SWIFT_COMPILATION_MODE = wholemodule;
				SWIFT_OPTIMIZATION_LEVEL = "-O";
				VALIDATE_PRODUCT = YES;
			};
			name = Release;
		};
		2D1EEDA82A957D8200693502 /* Debug */ = {
			isa = XCBuildConfiguration;
			buildSettings = {
				ASSETCATALOG_COMPILER_APPICON_NAME = AppIcon;
				ASSETCATALOG_COMPILER_GLOBAL_ACCENT_COLOR_NAME = AccentColor;
				CODE_SIGN_STYLE = Automatic;
				CURRENT_PROJECT_VERSION = 1;
				DEVELOPMENT_TEAM = 25PWZ37DVH;
				GENERATE_INFOPLIST_FILE = YES;
				INFOPLIST_FILE = "Hackwich One/Info.plist";
				INFOPLIST_KEY_UIApplicationSupportsIndirectInputEvents = YES;
				INFOPLIST_KEY_UILaunchStoryboardName = LaunchScreen;
				INFOPLIST_KEY_UIMainStoryboardFile = Main;
				INFOPLIST_KEY_UISupportedInterfaceOrientations_iPad = "UIInterfaceOrientationPortrait UIInterfaceOrientationPortraitUpsideDown UIInterfaceOrientationLandscapeLeft UIInterfaceOrientationLandscapeRight";
				INFOPLIST_KEY_UISupportedInterfaceOrientations_iPhone = "UIInterfaceOrientationPortrait UIInterfaceOrientationLandscapeLeft UIInterfaceOrientationLandscapeRight";
				LD_RUNPATH_SEARCH_PATHS = (
					"$(inherited)",
					"@executable_path/Frameworks",
				);
				MARKETING_VERSION = 1.0;
				PRODUCT_BUNDLE_IDENTIFIER = "Alexis.Hackwich-One";
				PRODUCT_NAME = "$(TARGET_NAME)";
				SWIFT_EMIT_LOC_STRINGS = YES;
				SWIFT_VERSION = 5.0;
				TARGETED_DEVICE_FAMILY = "1,2";
			};
			name = Debug;
		};
		2D1EEDA92A957D8200693502 /* Release */ = {
			isa = XCBuildConfiguration;
			buildSettings = {
				ASSETCATALOG_COMPILER_APPICON_NAME = AppIcon;
				ASSETCATALOG_COMPILER_GLOBAL_ACCENT_COLOR_NAME = AccentColor;
				CODE_SIGN_STYLE = Automatic;
				CURRENT_PROJECT_VERSION = 1;
				DEVELOPMENT_TEAM = 25PWZ37DVH;
				GENERATE_INFOPLIST_FILE = YES;
				INFOPLIST_FILE = "Hackwich One/Info.plist";
				INFOPLIST_KEY_UIApplicationSupportsIndirectInputEvents = YES;
				INFOPLIST_KEY_UILaunchStoryboardName = LaunchScreen;
				INFOPLIST_KEY_UIMainStoryboardFile = Main;
				INFOPLIST_KEY_UISupportedInterfaceOrientations_iPad = "UIInterfaceOrientationPortrait UIInterfaceOrientationPortraitUpsideDown UIInterfaceOrientationLandscapeLeft UIInterfaceOrientationLandscapeRight";
				INFOPLIST_KEY_UISupportedInterfaceOrientations_iPhone = "UIInterfaceOrientationPortrait UIInterfaceOrientationLandscapeLeft UIInterfaceOrientationLandscapeRight";
				LD_RUNPATH_SEARCH_PATHS = (
					"$(inherited)",
					"@executable_path/Frameworks",
				);
				MARKETING_VERSION = 1.0;
				PRODUCT_BUNDLE_IDENTIFIER = "Alexis.Hackwich-One";
				PRODUCT_NAME = "$(TARGET_NAME)";
				SWIFT_EMIT_LOC_STRINGS = YES;
				SWIFT_VERSION = 5.0;
				TARGETED_DEVICE_FAMILY = "1,2";
			};
			name = Release;
		};
		2D1EEDAB2A957D8200693502 /* Debug */ = {
			isa = XCBuildConfiguration;
			buildSettings = {
				ALWAYS_EMBED_SWIFT_STANDARD_LIBRARIES = YES;
				BUNDLE_LOADER = "$(TEST_HOST)";
				CODE_SIGN_STYLE = Automatic;
				CURRENT_PROJECT_VERSION = 1;
				DEVELOPMENT_TEAM = 25PWZ37DVH;
				GENERATE_INFOPLIST_FILE = YES;
				IPHONEOS_DEPLOYMENT_TARGET = 16.4;
				MARKETING_VERSION = 1.0;
				PRODUCT_BUNDLE_IDENTIFIER = "Alexis.Hackwich-OneTests";
				PRODUCT_NAME = "$(TARGET_NAME)";
				SWIFT_EMIT_LOC_STRINGS = NO;
				SWIFT_VERSION = 5.0;
				TARGETED_DEVICE_FAMILY = "1,2";
				TEST_HOST = "$(BUILT_PRODUCTS_DIR)/Hackwich One.app/$(BUNDLE_EXECUTABLE_FOLDER_PATH)/Hackwich One";
			};
			name = Debug;
		};
		2D1EEDAC2A957D8200693502 /* Release */ = {
			isa = XCBuildConfiguration;
			buildSettings = {
				ALWAYS_EMBED_SWIFT_STANDARD_LIBRARIES = YES;
				BUNDLE_LOADER = "$(TEST_HOST)";
				CODE_SIGN_STYLE = Automatic;
				CURRENT_PROJECT_VERSION = 1;
				DEVELOPMENT_TEAM = 25PWZ37DVH;
				GENERATE_INFOPLIST_FILE = YES;
				IPHONEOS_DEPLOYMENT_TARGET = 16.4;
				MARKETING_VERSION = 1.0;
				PRODUCT_BUNDLE_IDENTIFIER = "Alexis.Hackwich-OneTests";
				PRODUCT_NAME = "$(TARGET_NAME)";
				SWIFT_EMIT_LOC_STRINGS = NO;
				SWIFT_VERSION = 5.0;
				TARGETED_DEVICE_FAMILY = "1,2";
				TEST_HOST = "$(BUILT_PRODUCTS_DIR)/Hackwich One.app/$(BUNDLE_EXECUTABLE_FOLDER_PATH)/Hackwich One";
			};
			name = Release;
		};
		2D1EEDAE2A957D8200693502 /* Debug */ = {
			isa = XCBuildConfiguration;
			buildSettings = {
				ALWAYS_EMBED_SWIFT_STANDARD_LIBRARIES = YES;
				CODE_SIGN_STYLE = Automatic;
				CURRENT_PROJECT_VERSION = 1;
				DEVELOPMENT_TEAM = 25PWZ37DVH;
				GENERATE_INFOPLIST_FILE = YES;
				MARKETING_VERSION = 1.0;
				PRODUCT_BUNDLE_IDENTIFIER = "Alexis.Hackwich-OneUITests";
				PRODUCT_NAME = "$(TARGET_NAME)";
				SWIFT_EMIT_LOC_STRINGS = NO;
				SWIFT_VERSION = 5.0;
				TARGETED_DEVICE_FAMILY = "1,2";
				TEST_TARGET_NAME = "Hackwich One";
			};
			name = Debug;
		};
		2D1EEDAF2A957D8200693502 /* Release */ = {
			isa = XCBuildConfiguration;
			buildSettings = {
				ALWAYS_EMBED_SWIFT_STANDARD_LIBRARIES = YES;
				CODE_SIGN_STYLE = Automatic;
				CURRENT_PROJECT_VERSION = 1;
				DEVELOPMENT_TEAM = 25PWZ37DVH;
				GENERATE_INFOPLIST_FILE = YES;
				MARKETING_VERSION = 1.0;
				PRODUCT_BUNDLE_IDENTIFIER = "Alexis.Hackwich-OneUITests";
				PRODUCT_NAME = "$(TARGET_NAME)";
				SWIFT_EMIT_LOC_STRINGS = NO;
				SWIFT_VERSION = 5.0;
				TARGETED_DEVICE_FAMILY = "1,2";
				TEST_TARGET_NAME = "Hackwich One";
			};
			name = Release;
		};
/* End XCBuildConfiguration section */

/* Begin XCConfigurationList section */
		2D1EED782A957D8100693502 /* Build configuration list for PBXProject "Hackwich One" */ = {
			isa = XCConfigurationList;
			buildConfigurations = (
				2D1EEDA52A957D8200693502 /* Debug */,
				2D1EEDA62A957D8200693502 /* Release */,
			);
			defaultConfigurationIsVisible = 0;
			defaultConfigurationName = Release;
		};
		2D1EEDA72A957D8200693502 /* Build configuration list for PBXNativeTarget "Hackwich One" */ = {
			isa = XCConfigurationList;
			buildConfigurations = (
				2D1EEDA82A957D8200693502 /* Debug */,
				2D1EEDA92A957D8200693502 /* Release */,
			);
			defaultConfigurationIsVisible = 0;
			defaultConfigurationName = Release;
		};
		2D1EEDAA2A957D8200693502 /* Build configuration list for PBXNativeTarget "Hackwich OneTests" */ = {
			isa = XCConfigurationList;
			buildConfigurations = (
				2D1EEDAB2A957D8200693502 /* Debug */,
				2D1EEDAC2A957D8200693502 /* Release */,
			);
			defaultConfigurationIsVisible = 0;
			defaultConfigurationName = Release;
		};
		2D1EEDAD2A957D8200693502 /* Build configuration list for PBXNativeTarget "Hackwich OneUITests" */ = {
			isa = XCConfigurationList;
			buildConfigurations = (
				2D1EEDAE2A957D8200693502 /* Debug */,
				2D1EEDAF2A957D8200693502 /* Release */,
			);
			defaultConfigurationIsVisible = 0;
			defaultConfigurationName = Release;
		};
/* End XCConfigurationList section */
	};
	rootObject = 2D1EED752A957D8100693502 /* Project object */;
}
